
Microsoft Visual Studio Solution File, Format Version 10.00
# Visual Studio 2008
Project("{FAE04EC0-301F-11D3-BF4B-00C04F79EFBC}") = "CopyTrackMetadata", "CopyTrackMetadata\CopyTrackMetadata.csproj", "{04F1C9B0-619C-4622-A9E5-D9051D32352B}"
EndProject
Global
	GlobalSection(SolutionConfigurationPlatforms) = preSolution
		Debug|Any CPU = Debug|Any CPU
		Release|Any CPU = Release|Any CPU
	EndGlobalSection
	GlobalSection(ProjectConfigurationPlatforms) = postSolution
		{04F1C9B0-619C-4622-A9E5-D9051D32352B}.Debug|Any CPU.ActiveCfg = Debug|Any CPU
		{04F1C9B0-619C-4622-A9E5-D9051D32352B}.Debug|Any CPU.Build.0 = Debug|Any CPU
		{04F1C9B0-619C-4622-A9E5-D9051D32352B}.Release|Any CPU.ActiveCfg = Release|Any CPU
		{04F1C9B0-619C-4622-A9E5-D9051D32352B}.Release|Any CPU.Build.0 = Release|Any CPU
	EndGlobalSection
	GlobalSection(SolutionProperties) = preSolution
		HideSolutionNode = FALSE
	EndGlobalSection
EndGlobal
