
Microsoft Visual Studio Solution File, Format Version 12.00
# Visual Studio 15
VisualStudioVersion = 15.0.26730.16
MinimumVisualStudioVersion = 10.0.40219.1
Project("{FAE04EC0-301F-11D3-BF4B-00C04F79EFBC}") = "CopyTrackMetadata", "CopyTrackMetadata\CopyTrackMetadata.csproj", "{04F1C9B0-619C-4622-A9E5-D9051D32352B}"
EndProject
Global
	GlobalSection(SolutionConfigurationPlatforms) = preSolution
		Debug|Any CPU = Debug|Any CPU
		Release|Any CPU = Release|Any CPU
	EndGlobalSection
	GlobalSection(ProjectConfigurationPlatforms) = postSolution
		{04F1C9B0-619C-4622-A9E5-D9051D32352B}.Debug|Any CPU.ActiveCfg = Debug|Any CPU
		{04F1C9B0-619C-4622-A9E5-D9051D32352B}.Debug|Any CPU.Build.0 = Debug|Any CPU
		{04F1C9B0-619C-4622-A9E5-D9051D32352B}.Release|Any CPU.ActiveCfg = Release|Any CPU
		{04F1C9B0-619C-4622-A9E5-D9051D32352B}.Release|Any CPU.Build.0 = Release|Any CPU
	EndGlobalSection
	GlobalSection(SolutionProperties) = preSolution
		HideSolutionNode = FALSE
	EndGlobalSection
	GlobalSection(ExtensibilityGlobals) = postSolution
		SolutionGuid = {137E34D3-97AB-48FD-A9C2-864C2082138C}
	EndGlobalSection
EndGlobal
